<?xml version="1.0" encoding="utf-8"?>
<Project ToolsVersion="4.0" xmlns="http://schemas.microsoft.com/developer/msbuild/2003">
  <ItemGroup>
    <Filter Include="源文件">
      <UniqueIdentifier>{4FC737F1-C7A5-4376-A066-2A32D752A2FF}</UniqueIdentifier>
      <Extensions>cpp;c;cc;cxx;def;odl;idl;hpj;bat;asm;asmx</Extensions>
    </Filter>
    <Filter Include="头文件">
      <UniqueIdentifier>{93995380-89BD-4b04-88EB-625FBE52EBFB}</UniqueIdentifier>
      <Extensions>h;hh;hpp;hxx;hm;inl;inc;xsd</Extensions>
    </Filter>
    <Filter Include="资源文件">
      <UniqueIdentifier>{67DA6AB6-F800-4c08-8B7A-83BB121AAD01}</UniqueIdentifier>
      <Extensions>rc;ico;cur;bmp;dlg;rc2;rct;bin;rgs;gif;jpg;jpeg;jpe;resx;tiff;tif;png;wav;mfcribbon-ms</Extensions>
    </Filter>
  </ItemGroup>
  <ItemGroup>
    <Text Include="ReadMe.txt" />
  </ItemGroup>
  <ItemGroup>
    <ClInclude Include="VisionProject.h">
      <Filter>头文件</Filter>
    </ClInclude>
    <ClInclude Include="stdafx.h">
      <Filter>头文件</Filter>
    </ClInclude>
    <ClInclude Include="targetver.h">
      <Filter>头文件</Filter>
    </ClInclude>
    <ClInclude Include="MainFrm.h">
      <Filter>头文件</Filter>
    </ClInclude>
    <ClInclude Include="VisionProjectDoc.h">
      <Filter>头文件</Filter>
    </ClInclude>
    <ClInclude Include="VisionProjectView.h">
      <Filter>头文件</Filter>
    </ClInclude>
    <ClInclude Include="Resource.h">
      <Filter>头文件</Filter>
    </ClInclude>
    <ClInclude Include="NetWork.h">
      <Filter>头文件</Filter>
    </ClInclude>
    <ClInclude Include="SocketServer.h">
      <Filter>头文件</Filter>
    </ClInclude>
    <ClInclude Include="log.h">
      <Filter>头文件</Filter>
    </ClInclude>
    <ClInclude Include="svPTGrab2.h">
      <Filter>头文件</Filter>
    </ClInclude>
    <ClInclude Include="DoubleCrane.h">
      <Filter>头文件</Filter>
    </ClInclude>
    <ClInclude Include="CameraGrab.h">
      <Filter>头文件</Filter>
    </ClInclude>
    <ClInclude Include="ComPart.h">
      <Filter>头文件</Filter>
    </ClInclude>
    <ClInclude Include="DetectData.h">
      <Filter>头文件</Filter>
    </ClInclude>
    <ClInclude Include="VisionCalibration.h">
      <Filter>头文件</Filter>
    </ClInclude>
    <ClInclude Include="DetObjectPar.h">
      <Filter>头文件</Filter>
    </ClInclude>
    <ClInclude Include="TShowData.h">
      <Filter>头文件</Filter>
    </ClInclude>
    <ClInclude Include="Cvgdi.h">
      <Filter>头文件</Filter>
    </ClInclude>
    <ClInclude Include="StaticClass.h">
      <Filter>头文件</Filter>
    </ClInclude>
    <ClInclude Include="PointGray.h">
      <Filter>头文件</Filter>
    </ClInclude>
  </ItemGroup>
  <ItemGroup>
    <ClCompile Include="VisionProject.cpp">
      <Filter>源文件</Filter>
    </ClCompile>
    <ClCompile Include="stdafx.cpp">
      <Filter>源文件</Filter>
    </ClCompile>
    <ClCompile Include="MainFrm.cpp">
      <Filter>源文件</Filter>
    </ClCompile>
    <ClCompile Include="VisionProjectDoc.cpp">
      <Filter>源文件</Filter>
    </ClCompile>
    <ClCompile Include="VisionProjectView.cpp">
      <Filter>源文件</Filter>
    </ClCompile>
    <ClCompile Include="NetWork.cpp">
      <Filter>源文件</Filter>
    </ClCompile>
    <ClCompile Include="SocketServer.cpp">
      <Filter>源文件</Filter>
    </ClCompile>
    <ClCompile Include="log.cpp">
      <Filter>源文件</Filter>
    </ClCompile>
    <ClCompile Include="svPTGrab2.cpp">
      <Filter>源文件</Filter>
    </ClCompile>
    <ClCompile Include="ComPart.cpp">
      <Filter>源文件</Filter>
    </ClCompile>
    <ClCompile Include="DetectData.cpp">
      <Filter>源文件</Filter>
    </ClCompile>
    <ClCompile Include="VisionCalibration.cpp">
      <Filter>源文件</Filter>
    </ClCompile>
    <ClCompile Include="DetObjectPar.cpp">
      <Filter>源文件</Filter>
    </ClCompile>
    <ClCompile Include="DoubleCrane.cpp">
      <Filter>源文件</Filter>
    </ClCompile>
    <ClCompile Include="TShowData.cpp">
      <Filter>源文件</Filter>
    </ClCompile>
    <ClCompile Include="Cvgdi.cpp">
      <Filter>源文件</Filter>
    </ClCompile>
    <ClCompile Include="StaticClass.cpp">
      <Filter>源文件</Filter>
    </ClCompile>
    <ClCompile Include="CameraGrab.cpp">
      <Filter>源文件</Filter>
    </ClCompile>
    <ClCompile Include="PointGray.cpp">
      <Filter>源文件</Filter>
    </ClCompile>
  </ItemGroup>
  <ItemGroup>
    <ResourceCompile Include="VisionProject.rc">
      <Filter>资源文件</Filter>
    </ResourceCompile>
  </ItemGroup>
  <ItemGroup>
    <None Include="res\VisionProject.rc2">
      <Filter>资源文件</Filter>
    </None>
  </ItemGroup>
  <ItemGroup>
    <Image Include="res\VisionProjectDoc.ico">
      <Filter>资源文件</Filter>
    </Image>
    <Image Include="res\VisionProject.ico">
      <Filter>资源文件</Filter>
    </Image>
  </ItemGroup>
</Project>